schema: '2.0'
stages:
  prepare:
    cmd: python src/prepare.py data/data.xml
    deps:
    - path: data/data.xml
      md5: 22a1a2931c8370d3aeedd7183606fd7f
      size: 14445097
    - path: src/prepare.py
      md5: f09ea0c15980b43010257ccb9f0055e2
      size: 1576
    params:
      params.yaml:
        prepare.seed: 20170428
        prepare.split: 0.2
    outs:
    - path: data/prepared
      md5: 153aad06d376b6595932470e459ef42a.dir
      size: 8447363
      nfiles: 2
  featurize:
    cmd: python src/featurization.py data/prepared data/features
    deps:
    - path: data/prepared
      md5: 153aad06d376b6595932470e459ef42a.dir
      size: 8447363
      nfiles: 2
    - path: src/featurization.py
      md5: e0265fc22f056a4b86d85c3056bc2894
      size: 2490
    params:
      params.yaml:
        featurize.max_features: 2000
        featurize.ngrams: 2
    outs:
    - path: data/features
      md5: f5d49e6e1f5f3583e3dbb168d9435c50.dir
      size: 4765454
      nfiles: 2
  train:
    cmd: python src/train.py data/features model.pkl
    deps:
    - path: data/features
      md5: f5d49e6e1f5f3583e3dbb168d9435c50.dir
      size: 4765454
      nfiles: 2
    - path: src/train.py
      md5: c3961d777cfbd7727f9fde4851896006
      size: 967
    params:
      params.yaml:
        train.min_split: 0.01
        train.n_est: 100
        train.seed: 20170428
    outs:
    - path: model.pkl
      md5: be0aa53d3262fbf36d3538db9c46755c
      size: 4245820
  evaluate:
    cmd: python src/evaluate.py model.pkl data/features
    deps:
    - path: data/features
      md5: f5d49e6e1f5f3583e3dbb168d9435c50.dir
      size: 4765454
      nfiles: 2
    - path: model.pkl
      md5: be0aa53d3262fbf36d3538db9c46755c
      size: 4245820
    - path: src/evaluate.py
      md5: 44e714021a65edf881b1716e791d7f59
      size: 2346
    outs:
    - path: evaluation.json
      md5: 692794eec864d27df3b72d272005d030
      size: 76
    - path: evaluation/importance.png
      md5: e2f0877f1cf7842f6816f34308e58cd0
      size: 33566
    - path: evaluation/plots/confusion_matrix.json
      md5: 0e9e785b2f74670faa8b03e15518fabd
      size: 130263
    - path: evaluation/plots/precision_recall.json
      md5: 9a873c7d133eb8fa4a731efd7c0cf159
      size: 145623
    - path: evaluation/plots/roc.json
      md5: a1272cc283fc6c60097ce0923bbc070c
      size: 27422
